
Microsoft Visual Studio Solution File, Format Version 12.00
# Visual Studio Version 17
VisualStudioVersion = 17.5.002.0
MinimumVisualStudioVersion = 10.0.40219.1
Project("{9A19103F-16F7-4668-BE54-9A1E7A4F7556}") = "APL2003", "APL2003.csproj", "{AAFA9DA1-24B9-47AD-B2EC-B45B29E90F56}"
EndProject
Global
	GlobalSection(SolutionConfigurationPlatforms) = preSolution
		Debug|Any CPU = Debug|Any CPU
		Release|Any CPU = Release|Any CPU
	EndGlobalSection
	GlobalSection(ProjectConfigurationPlatforms) = postSolution
		{AAFA9DA1-24B9-47AD-B2EC-B45B29E90F56}.Debug|Any CPU.ActiveCfg = Debug|Any CPU
		{AAFA9DA1-24B9-47AD-B2EC-B45B29E90F56}.Debug|Any CPU.Build.0 = Debug|Any CPU
		{AAFA9DA1-24B9-47AD-B2EC-B45B29E90F56}.Release|Any CPU.ActiveCfg = Release|Any CPU
		{AAFA9DA1-24B9-47AD-B2EC-B45B29E90F56}.Release|Any CPU.Build.0 = Release|Any CPU
	EndGlobalSection
	GlobalSection(SolutionProperties) = preSolution
		HideSolutionNode = FALSE
	EndGlobalSection
	GlobalSection(ExtensibilityGlobals) = postSolution
		SolutionGuid = {0E30105A-3C81-4A44-9D91-46F230E872BE}
	EndGlobalSection
EndGlobal
